
Microsoft Visual Studio Solution File, Format Version 12.00
# Visual Studio 15
VisualStudioVersion = 15.0.33801.198
MinimumVisualStudioVersion = 10.0.40219.1
Project("{FAE04EC0-301F-11D3-BF4B-00C04F79EFBC}") = "ASP.NET_MVC_VS2019_Template", "ASP.NET_MVC_VS2019_Template\ASP.NET_MVC_VS2019_Template.csproj", "{2F705DE4-0DF9-4B9E-B748-A17215AE4AFF}"
EndProject
Global
	GlobalSection(SolutionConfigurationPlatforms) = preSolution
		Debug|Any CPU = Debug|Any CPU
		Release|Any CPU = Release|Any CPU
	EndGlobalSection
	GlobalSection(ProjectConfigurationPlatforms) = postSolution
		{2F705DE4-0DF9-4B9E-B748-A17215AE4AFF}.Debug|Any CPU.ActiveCfg = Debug|Any CPU
		{2F705DE4-0DF9-4B9E-B748-A17215AE4AFF}.Debug|Any CPU.Build.0 = Debug|Any CPU
		{2F705DE4-0DF9-4B9E-B748-A17215AE4AFF}.Release|Any CPU.ActiveCfg = Release|Any CPU
		{2F705DE4-0DF9-4B9E-B748-A17215AE4AFF}.Release|Any CPU.Build.0 = Release|Any CPU
	EndGlobalSection
	GlobalSection(SolutionProperties) = preSolution
		HideSolutionNode = FALSE
	EndGlobalSection
	GlobalSection(ExtensibilityGlobals) = postSolution
		SolutionGuid = {59FB8855-5B9A-4C5B-92E2-6026603D4B93}
	EndGlobalSection
EndGlobal
